
Microsoft Visual Studio Solution File, Format Version 12.00
# Visual Studio 14
VisualStudioVersion = 14.0.23107.0
MinimumVisualStudioVersion = 10.0.40219.1
Project("{FAE04EC0-301F-11D3-BF4B-00C04F79EFBC}") = "BulletTime.Library", "BulletTime.Library\BulletTime.Library.csproj", "{60632F5C-F831-4F04-8331-BC14E910ADD4}"
EndProject
Project("{FAE04EC0-301F-11D3-BF4B-00C04F79EFBC}") = "BulletTime.Server", "BulletTime.Server\BulletTime.Server.csproj", "{71F8C05D-A1FC-48C7-AAEF-825DCF255D0B}"
EndProject
Project("{FAE04EC0-301F-11D3-BF4B-00C04F79EFBC}") = "BulletTime.Client", "BulletTime.Client\BulletTime.Client.csproj", "{78C45B04-46EE-4F24-82BE-03C9B577637D}"
EndProject
Project("{FAE04EC0-301F-11D3-BF4B-00C04F79EFBC}") = "Scratch", "Scratch\Scratch.csproj", "{36689D88-1331-4096-B172-AF92ABF530B0}"
EndProject
Project("{2150E333-8FDC-42A3-9474-1A3956D46DE8}") = "Certs", "Certs", "{9767BCB8-B49B-4E6F-8A52-F24F88138F0A}"
EndProject
Global
	GlobalSection(SolutionConfigurationPlatforms) = preSolution
		Debug|Any CPU = Debug|Any CPU
		Debug|ARM = Debug|ARM
		Debug|x64 = Debug|x64
		Debug|x86 = Debug|x86
		Home|Any CPU = Home|Any CPU
		Home|ARM = Home|ARM
		Home|x64 = Home|x64
		Home|x86 = Home|x86
		Release|Any CPU = Release|Any CPU
		Release|ARM = Release|ARM
		Release|x64 = Release|x64
		Release|x86 = Release|x86
	EndGlobalSection
	GlobalSection(ProjectConfigurationPlatforms) = postSolution
		{60632F5C-F831-4F04-8331-BC14E910ADD4}.Debug|Any CPU.ActiveCfg = Debug|Any CPU
		{60632F5C-F831-4F04-8331-BC14E910ADD4}.Debug|Any CPU.Build.0 = Debug|Any CPU
		{60632F5C-F831-4F04-8331-BC14E910ADD4}.Debug|ARM.ActiveCfg = Debug|ARM
		{60632F5C-F831-4F04-8331-BC14E910ADD4}.Debug|ARM.Build.0 = Debug|ARM
		{60632F5C-F831-4F04-8331-BC14E910ADD4}.Debug|x64.ActiveCfg = Debug|x64
		{60632F5C-F831-4F04-8331-BC14E910ADD4}.Debug|x64.Build.0 = Debug|x64
		{60632F5C-F831-4F04-8331-BC14E910ADD4}.Debug|x86.ActiveCfg = Debug|x86
		{60632F5C-F831-4F04-8331-BC14E910ADD4}.Debug|x86.Build.0 = Debug|x86
		{60632F5C-F831-4F04-8331-BC14E910ADD4}.Home|Any CPU.ActiveCfg = Home|Any CPU
		{60632F5C-F831-4F04-8331-BC14E910ADD4}.Home|Any CPU.Build.0 = Home|Any CPU
		{60632F5C-F831-4F04-8331-BC14E910ADD4}.Home|ARM.ActiveCfg = Home|ARM
		{60632F5C-F831-4F04-8331-BC14E910ADD4}.Home|ARM.Build.0 = Home|ARM
		{60632F5C-F831-4F04-8331-BC14E910ADD4}.Home|x64.ActiveCfg = Home|x64
		{60632F5C-F831-4F04-8331-BC14E910ADD4}.Home|x64.Build.0 = Home|x64
		{60632F5C-F831-4F04-8331-BC14E910ADD4}.Home|x86.ActiveCfg = Home|Any CPU
		{60632F5C-F831-4F04-8331-BC14E910ADD4}.Home|x86.Build.0 = Home|Any CPU
		{60632F5C-F831-4F04-8331-BC14E910ADD4}.Release|Any CPU.ActiveCfg = Release|Any CPU
		{60632F5C-F831-4F04-8331-BC14E910ADD4}.Release|Any CPU.Build.0 = Release|Any CPU
		{60632F5C-F831-4F04-8331-BC14E910ADD4}.Release|ARM.ActiveCfg = Release|ARM
		{60632F5C-F831-4F04-8331-BC14E910ADD4}.Release|ARM.Build.0 = Release|ARM
		{60632F5C-F831-4F04-8331-BC14E910ADD4}.Release|x64.ActiveCfg = Release|x64
		{60632F5C-F831-4F04-8331-BC14E910ADD4}.Release|x64.Build.0 = Release|x64
		{60632F5C-F831-4F04-8331-BC14E910ADD4}.Release|x86.ActiveCfg = Release|x86
		{60632F5C-F831-4F04-8331-BC14E910ADD4}.Release|x86.Build.0 = Release|x86
		{71F8C05D-A1FC-48C7-AAEF-825DCF255D0B}.Debug|Any CPU.ActiveCfg = Debug|x86
		{71F8C05D-A1FC-48C7-AAEF-825DCF255D0B}.Debug|Any CPU.Build.0 = Debug|x86
		{71F8C05D-A1FC-48C7-AAEF-825DCF255D0B}.Debug|Any CPU.Deploy.0 = Debug|x86
		{71F8C05D-A1FC-48C7-AAEF-825DCF255D0B}.Debug|ARM.ActiveCfg = Debug|ARM
		{71F8C05D-A1FC-48C7-AAEF-825DCF255D0B}.Debug|ARM.Build.0 = Debug|ARM
		{71F8C05D-A1FC-48C7-AAEF-825DCF255D0B}.Debug|ARM.Deploy.0 = Debug|ARM
		{71F8C05D-A1FC-48C7-AAEF-825DCF255D0B}.Debug|x64.ActiveCfg = Debug|x64
		{71F8C05D-A1FC-48C7-AAEF-825DCF255D0B}.Debug|x64.Build.0 = Debug|x64
		{71F8C05D-A1FC-48C7-AAEF-825DCF255D0B}.Debug|x64.Deploy.0 = Debug|x64
		{71F8C05D-A1FC-48C7-AAEF-825DCF255D0B}.Debug|x86.ActiveCfg = Debug|x86
		{71F8C05D-A1FC-48C7-AAEF-825DCF255D0B}.Debug|x86.Build.0 = Debug|x86
		{71F8C05D-A1FC-48C7-AAEF-825DCF255D0B}.Debug|x86.Deploy.0 = Debug|x86
		{71F8C05D-A1FC-48C7-AAEF-825DCF255D0B}.Home|Any CPU.ActiveCfg = Home|x86
		{71F8C05D-A1FC-48C7-AAEF-825DCF255D0B}.Home|ARM.ActiveCfg = Home|ARM
		{71F8C05D-A1FC-48C7-AAEF-825DCF255D0B}.Home|ARM.Build.0 = Home|ARM
		{71F8C05D-A1FC-48C7-AAEF-825DCF255D0B}.Home|ARM.Deploy.0 = Home|ARM
		{71F8C05D-A1FC-48C7-AAEF-825DCF255D0B}.Home|x64.ActiveCfg = Home|x64
		{71F8C05D-A1FC-48C7-AAEF-825DCF255D0B}.Home|x64.Build.0 = Home|x64
		{71F8C05D-A1FC-48C7-AAEF-825DCF255D0B}.Home|x64.Deploy.0 = Home|x64
		{71F8C05D-A1FC-48C7-AAEF-825DCF255D0B}.Home|x86.ActiveCfg = Home|x86
		{71F8C05D-A1FC-48C7-AAEF-825DCF255D0B}.Home|x86.Build.0 = Home|x86
		{71F8C05D-A1FC-48C7-AAEF-825DCF255D0B}.Home|x86.Deploy.0 = Home|x86
		{71F8C05D-A1FC-48C7-AAEF-825DCF255D0B}.Release|Any CPU.ActiveCfg = Release|x86
		{71F8C05D-A1FC-48C7-AAEF-825DCF255D0B}.Release|ARM.ActiveCfg = Release|ARM
		{71F8C05D-A1FC-48C7-AAEF-825DCF255D0B}.Release|ARM.Build.0 = Release|ARM
		{71F8C05D-A1FC-48C7-AAEF-825DCF255D0B}.Release|ARM.Deploy.0 = Release|ARM
		{71F8C05D-A1FC-48C7-AAEF-825DCF255D0B}.Release|x64.ActiveCfg = Release|x64
		{71F8C05D-A1FC-48C7-AAEF-825DCF255D0B}.Release|x64.Build.0 = Release|x64
		{71F8C05D-A1FC-48C7-AAEF-825DCF255D0B}.Release|x64.Deploy.0 = Release|x64
		{71F8C05D-A1FC-48C7-AAEF-825DCF255D0B}.Release|x86.ActiveCfg = Release|x86
		{71F8C05D-A1FC-48C7-AAEF-825DCF255D0B}.Release|x86.Build.0 = Release|x86
		{71F8C05D-A1FC-48C7-AAEF-825DCF255D0B}.Release|x86.Deploy.0 = Release|x86
		{78C45B04-46EE-4F24-82BE-03C9B577637D}.Debug|Any CPU.ActiveCfg = Debug|ARM
		{78C45B04-46EE-4F24-82BE-03C9B577637D}.Debug|Any CPU.Build.0 = Debug|ARM
		{78C45B04-46EE-4F24-82BE-03C9B577637D}.Debug|Any CPU.Deploy.0 = Debug|ARM
		{78C45B04-46EE-4F24-82BE-03C9B577637D}.Debug|ARM.ActiveCfg = Debug|ARM
		{78C45B04-46EE-4F24-82BE-03C9B577637D}.Debug|ARM.Build.0 = Debug|ARM
		{78C45B04-46EE-4F24-82BE-03C9B577637D}.Debug|ARM.Deploy.0 = Debug|ARM
		{78C45B04-46EE-4F24-82BE-03C9B577637D}.Debug|x64.ActiveCfg = Debug|x64
		{78C45B04-46EE-4F24-82BE-03C9B577637D}.Debug|x64.Build.0 = Debug|x64
		{78C45B04-46EE-4F24-82BE-03C9B577637D}.Debug|x64.Deploy.0 = Debug|x64
		{78C45B04-46EE-4F24-82BE-03C9B577637D}.Debug|x86.ActiveCfg = Debug|x86
		{78C45B04-46EE-4F24-82BE-03C9B577637D}.Debug|x86.Build.0 = Debug|x86
		{78C45B04-46EE-4F24-82BE-03C9B577637D}.Debug|x86.Deploy.0 = Debug|x86
		{78C45B04-46EE-4F24-82BE-03C9B577637D}.Home|Any CPU.ActiveCfg = Home|x86
		{78C45B04-46EE-4F24-82BE-03C9B577637D}.Home|ARM.ActiveCfg = Home|ARM
		{78C45B04-46EE-4F24-82BE-03C9B577637D}.Home|ARM.Build.0 = Home|ARM
		{78C45B04-46EE-4F24-82BE-03C9B577637D}.Home|ARM.Deploy.0 = Home|ARM
		{78C45B04-46EE-4F24-82BE-03C9B577637D}.Home|x64.ActiveCfg = Home|x64
		{78C45B04-46EE-4F24-82BE-03C9B577637D}.Home|x64.Build.0 = Home|x64
		{78C45B04-46EE-4F24-82BE-03C9B577637D}.Home|x64.Deploy.0 = Home|x64
		{78C45B04-46EE-4F24-82BE-03C9B577637D}.Home|x86.ActiveCfg = Home|ARM
		{78C45B04-46EE-4F24-82BE-03C9B577637D}.Home|x86.Build.0 = Home|ARM
		{78C45B04-46EE-4F24-82BE-03C9B577637D}.Home|x86.Deploy.0 = Home|ARM
		{78C45B04-46EE-4F24-82BE-03C9B577637D}.Release|Any CPU.ActiveCfg = Release|x86
		{78C45B04-46EE-4F24-82BE-03C9B577637D}.Release|ARM.ActiveCfg = Release|ARM
		{78C45B04-46EE-4F24-82BE-03C9B577637D}.Release|ARM.Build.0 = Release|ARM
		{78C45B04-46EE-4F24-82BE-03C9B577637D}.Release|ARM.Deploy.0 = Release|ARM
		{78C45B04-46EE-4F24-82BE-03C9B577637D}.Release|x64.ActiveCfg = Release|x64
		{78C45B04-46EE-4F24-82BE-03C9B577637D}.Release|x64.Build.0 = Release|x64
		{78C45B04-46EE-4F24-82BE-03C9B577637D}.Release|x64.Deploy.0 = Release|x64
		{78C45B04-46EE-4F24-82BE-03C9B577637D}.Release|x86.ActiveCfg = Release|x86
		{78C45B04-46EE-4F24-82BE-03C9B577637D}.Release|x86.Build.0 = Release|x86
		{78C45B04-46EE-4F24-82BE-03C9B577637D}.Release|x86.Deploy.0 = Release|x86
		{36689D88-1331-4096-B172-AF92ABF530B0}.Debug|Any CPU.ActiveCfg = Debug|Any CPU
		{36689D88-1331-4096-B172-AF92ABF530B0}.Debug|Any CPU.Build.0 = Debug|Any CPU
		{36689D88-1331-4096-B172-AF92ABF530B0}.Debug|ARM.ActiveCfg = Debug|Any CPU
		{36689D88-1331-4096-B172-AF92ABF530B0}.Debug|ARM.Build.0 = Debug|Any CPU
		{36689D88-1331-4096-B172-AF92ABF530B0}.Debug|x64.ActiveCfg = Debug|Any CPU
		{36689D88-1331-4096-B172-AF92ABF530B0}.Debug|x64.Build.0 = Debug|Any CPU
		{36689D88-1331-4096-B172-AF92ABF530B0}.Debug|x86.ActiveCfg = Debug|Any CPU
		{36689D88-1331-4096-B172-AF92ABF530B0}.Debug|x86.Build.0 = Debug|Any CPU
		{36689D88-1331-4096-B172-AF92ABF530B0}.Home|Any CPU.ActiveCfg = Release|Any CPU
		{36689D88-1331-4096-B172-AF92ABF530B0}.Home|Any CPU.Build.0 = Release|Any CPU
		{36689D88-1331-4096-B172-AF92ABF530B0}.Home|ARM.ActiveCfg = Release|Any CPU
		{36689D88-1331-4096-B172-AF92ABF530B0}.Home|ARM.Build.0 = Release|Any CPU
		{36689D88-1331-4096-B172-AF92ABF530B0}.Home|x64.ActiveCfg = Release|Any CPU
		{36689D88-1331-4096-B172-AF92ABF530B0}.Home|x64.Build.0 = Release|Any CPU
		{36689D88-1331-4096-B172-AF92ABF530B0}.Home|x86.ActiveCfg = Release|Any CPU
		{36689D88-1331-4096-B172-AF92ABF530B0}.Home|x86.Build.0 = Release|Any CPU
		{36689D88-1331-4096-B172-AF92ABF530B0}.Release|Any CPU.ActiveCfg = Release|Any CPU
		{36689D88-1331-4096-B172-AF92ABF530B0}.Release|Any CPU.Build.0 = Release|Any CPU
		{36689D88-1331-4096-B172-AF92ABF530B0}.Release|ARM.ActiveCfg = Release|Any CPU
		{36689D88-1331-4096-B172-AF92ABF530B0}.Release|ARM.Build.0 = Release|Any CPU
		{36689D88-1331-4096-B172-AF92ABF530B0}.Release|x64.ActiveCfg = Release|Any CPU
		{36689D88-1331-4096-B172-AF92ABF530B0}.Release|x64.Build.0 = Release|Any CPU
		{36689D88-1331-4096-B172-AF92ABF530B0}.Release|x86.ActiveCfg = Release|Any CPU
		{36689D88-1331-4096-B172-AF92ABF530B0}.Release|x86.Build.0 = Release|Any CPU
	EndGlobalSection
	GlobalSection(SolutionProperties) = preSolution
		HideSolutionNode = FALSE
	EndGlobalSection
EndGlobal
